
Microsoft Visual Studio Solution File, Format Version 12.00
# Visual Studio Version 17
VisualStudioVersion = 17.14.36717.8 d17.14
MinimumVisualStudioVersion = 10.0.40219.1
Project("{FAE04EC0-301F-11D3-BF4B-00C04F79EFBC}") = "HamrahFelez.WebAPI", "HamrahFelez.WebAPI\HamrahFelez.WebAPI.csproj", "{5C6AAD3C-DC49-419A-A53A-48EAEFF6E064}"
EndProject
Project("{FAE04EC0-301F-11D3-BF4B-00C04F79EFBC}") = "HamrahFelez.Repositories", "HamrahFelez.Repositories\HamrahFelez.Repositories.csproj", "{6DC72872-D196-4BFC-9F24-BF48379C9F5A}"
EndProject
Project("{FAE04EC0-301F-11D3-BF4B-00C04F79EFBC}") = "HamrahFelez.Services", "HamrahFelez.Services\HamrahFelez.Services.csproj", "{C48134A1-93D3-423C-AE6F-9B7A7DB5A17F}"
EndProject
Project("{FAE04EC0-301F-11D3-BF4B-00C04F79EFBC}") = "HamrahFelez.ViewModels", "HamrahFelez.ViewModels\HamrahFelez.ViewModels.csproj", "{68F56316-BC31-4E6F-BFC1-6F56D91FB74A}"
EndProject
Project("{FAE04EC0-301F-11D3-BF4B-00C04F79EFBC}") = "HamrahFelez.Utilities", "HamrahFelez.Utilities\HamrahFelez.Utilities.csproj", "{9E8F6992-DE6D-4590-88F3-EA1C64B29A2B}"
EndProject
Global
	GlobalSection(SolutionConfigurationPlatforms) = preSolution
		Debug|Any CPU = Debug|Any CPU
		Release|Any CPU = Release|Any CPU
	EndGlobalSection
	GlobalSection(ProjectConfigurationPlatforms) = postSolution
		{5C6AAD3C-DC49-419A-A53A-48EAEFF6E064}.Debug|Any CPU.ActiveCfg = Debug|Any CPU
		{5C6AAD3C-DC49-419A-A53A-48EAEFF6E064}.Debug|Any CPU.Build.0 = Debug|Any CPU
		{5C6AAD3C-DC49-419A-A53A-48EAEFF6E064}.Release|Any CPU.ActiveCfg = Release|Any CPU
		{5C6AAD3C-DC49-419A-A53A-48EAEFF6E064}.Release|Any CPU.Build.0 = Release|Any CPU
		{6DC72872-D196-4BFC-9F24-BF48379C9F5A}.Debug|Any CPU.ActiveCfg = Debug|Any CPU
		{6DC72872-D196-4BFC-9F24-BF48379C9F5A}.Debug|Any CPU.Build.0 = Debug|Any CPU
		{6DC72872-D196-4BFC-9F24-BF48379C9F5A}.Release|Any CPU.ActiveCfg = Release|Any CPU
		{6DC72872-D196-4BFC-9F24-BF48379C9F5A}.Release|Any CPU.Build.0 = Release|Any CPU
		{C48134A1-93D3-423C-AE6F-9B7A7DB5A17F}.Debug|Any CPU.ActiveCfg = Debug|Any CPU
		{C48134A1-93D3-423C-AE6F-9B7A7DB5A17F}.Debug|Any CPU.Build.0 = Debug|Any CPU
		{C48134A1-93D3-423C-AE6F-9B7A7DB5A17F}.Release|Any CPU.ActiveCfg = Release|Any CPU
		{C48134A1-93D3-423C-AE6F-9B7A7DB5A17F}.Release|Any CPU.Build.0 = Release|Any CPU
		{68F56316-BC31-4E6F-BFC1-6F56D91FB74A}.Debug|Any CPU.ActiveCfg = Debug|Any CPU
		{68F56316-BC31-4E6F-BFC1-6F56D91FB74A}.Debug|Any CPU.Build.0 = Debug|Any CPU
		{68F56316-BC31-4E6F-BFC1-6F56D91FB74A}.Release|Any CPU.ActiveCfg = Release|Any CPU
		{68F56316-BC31-4E6F-BFC1-6F56D91FB74A}.Release|Any CPU.Build.0 = Release|Any CPU
		{9E8F6992-DE6D-4590-88F3-EA1C64B29A2B}.Debug|Any CPU.ActiveCfg = Debug|Any CPU
		{9E8F6992-DE6D-4590-88F3-EA1C64B29A2B}.Debug|Any CPU.Build.0 = Debug|Any CPU
		{9E8F6992-DE6D-4590-88F3-EA1C64B29A2B}.Release|Any CPU.ActiveCfg = Release|Any CPU
		{9E8F6992-DE6D-4590-88F3-EA1C64B29A2B}.Release|Any CPU.Build.0 = Release|Any CPU
	EndGlobalSection
	GlobalSection(SolutionProperties) = preSolution
		HideSolutionNode = FALSE
	EndGlobalSection
	GlobalSection(ExtensibilityGlobals) = postSolution
		SolutionGuid = {0F982876-27BB-4304-B6EA-7C40C991BE9D}
	EndGlobalSection
EndGlobal
